// !$*UTF8*$!
{
	archiveVersion = 1;
	classes = {
	};
	objectVersion = 46;
	objects = {

/* Begin PBXBuildFile section */
		356E6D671E49B0B6007F76C9 /* AppDelegate.swift in Sources */ = {isa = PBXBuildFile; fileRef = 356E6D661E49B0B6007F76C9 /* AppDelegate.swift */; };
		356E6D691E49B0B6007F76C9 /* ViewController.swift in Sources */ = {isa = PBXBuildFile; fileRef = 356E6D681E49B0B6007F76C9 /* ViewController.swift */; };
		356E6D6C1E49B0B6007F76C9 /* Main.storyboard in Resources */ = {isa = PBXBuildFile; fileRef = 356E6D6A1E49B0B6007F76C9 /* Main.storyboard */; };
		356E6D6E1E49B0B6007F76C9 /* Assets.xcassets in Resources */ = {isa = PBXBuildFile; fileRef = 356E6D6D1E49B0B6007F76C9 /* Assets.xcassets */; };
		356E6D711E49B0B6007F76C9 /* LaunchScreen.storyboard in Resources */ = {isa = PBXBuildFile; fileRef = 356E6D6F1E49B0B6007F76C9 /* LaunchScreen.storyboard */; };
		356E6D7C1E49B0B6007F76C9 /* ExampleTests.swift in Sources */ = {isa = PBXBuildFile; fileRef = 356E6D7B1E49B0B6007F76C9 /* ExampleTests.swift */; };
		356E6D871E49B12D007F76C9 /* ReaLog.framework in Frameworks */ = {isa = PBXBuildFile; fileRef = 356E6D861E49B12D007F76C9 /* ReaLog.framework */; };
		356E6D881E49B12D007F76C9 /* ReaLog.framework in Embed Frameworks */ = {isa = PBXBuildFile; fileRef = 356E6D861E49B12D007F76C9 /* ReaLog.framework */; settings = {ATTRIBUTES = (CodeSignOnCopy, RemoveHeadersOnCopy, ); }; };
/* End PBXBuildFile section */

/* Begin PBXContainerItemProxy section */
		356E6D781E49B0B6007F76C9 /* PBXContainerItemProxy */ = {
			isa = PBXContainerItemProxy;
			containerPortal = 356E6D5B1E49B0B6007F76C9 /* Project object */;
			proxyType = 1;
			remoteGlobalIDString = 356E6D621E49B0B6007F76C9;
			remoteInfo = Example;
		};
/* End PBXContainerItemProxy section */

/* Begin PBXCopyFilesBuildPhase section */
		356E6D891E49B12D007F76C9 /* Embed Frameworks */ = {
			isa = PBXCopyFilesBuildPhase;
			buildActionMask = 2147483647;
			dstPath = "";
			dstSubfolderSpec = 10;
			files = (
				356E6D881E49B12D007F76C9 /* ReaLog.framework in Embed Frameworks */,
			);
			name = "Embed Frameworks";
			runOnlyForDeploymentPostprocessing = 0;
		};
/* End PBXCopyFilesBuildPhase section */

/* Begin PBXFileReference section */
		356E6D631E49B0B6007F76C9 /* Example.app */ = {isa = PBXFileReference; explicitFileType = wrapper.application; includeInIndex = 0; path = Example.app; sourceTree = BUILT_PRODUCTS_DIR; };
		356E6D661E49B0B6007F76C9 /* AppDelegate.swift */ = {isa = PBXFileReference; lastKnownFileType = sourcecode.swift; path = AppDelegate.swift; sourceTree = "<group>"; };
		356E6D681E49B0B6007F76C9 /* ViewController.swift */ = {isa = PBXFileReference; lastKnownFileType = sourcecode.swift; path = ViewController.swift; sourceTree = "<group>"; };
		356E6D6B1E49B0B6007F76C9 /* Base */ = {isa = PBXFileReference; lastKnownFileType = file.storyboard; name = Base; path = Base.lproj/Main.storyboard; sourceTree = "<group>"; };
		356E6D6D1E49B0B6007F76C9 /* Assets.xcassets */ = {isa = PBXFileReference; lastKnownFileType = folder.assetcatalog; name = Assets.xcassets; path = Example/Assets.xcassets; sourceTree = "<group>"; };
		356E6D701E49B0B6007F76C9 /* Base */ = {isa = PBXFileReference; lastKnownFileType = file.storyboard; name = Base; path = Base.lproj/LaunchScreen.storyboard; sourceTree = "<group>"; };
		356E6D721E49B0B6007F76C9 /* Info.plist */ = {isa = PBXFileReference; lastKnownFileType = text.plist.xml; name = Info.plist; path = Example/Info.plist; sourceTree = "<group>"; };
		356E6D771E49B0B6007F76C9 /* ExampleTests.xctest */ = {isa = PBXFileReference; explicitFileType = wrapper.cfbundle; includeInIndex = 0; path = ExampleTests.xctest; sourceTree = BUILT_PRODUCTS_DIR; };
		356E6D7B1E49B0B6007F76C9 /* ExampleTests.swift */ = {isa = PBXFileReference; lastKnownFileType = sourcecode.swift; path = ExampleTests.swift; sourceTree = "<group>"; };
		356E6D7D1E49B0B6007F76C9 /* Info.plist */ = {isa = PBXFileReference; lastKnownFileType = text.plist.xml; path = Info.plist; sourceTree = "<group>"; };
		356E6D861E49B12D007F76C9 /* ReaLog.framework */ = {isa = PBXFileReference; explicitFileType = wrapper.framework; path = ReaLog.framework; sourceTree = BUILT_PRODUCTS_DIR; };
/* End PBXFileReference section */

/* Begin PBXFrameworksBuildPhase section */
		356E6D601E49B0B6007F76C9 /* Frameworks */ = {
			isa = PBXFrameworksBuildPhase;
			buildActionMask = 2147483647;
			files = (
				356E6D871E49B12D007F76C9 /* ReaLog.framework in Frameworks */,
			);
			runOnlyForDeploymentPostprocessing = 0;
		};
		356E6D741E49B0B6007F76C9 /* Frameworks */ = {
			isa = PBXFrameworksBuildPhase;
			buildActionMask = 2147483647;
			files = (
			);
			runOnlyForDeploymentPostprocessing = 0;
		};
/* End PBXFrameworksBuildPhase section */

/* Begin PBXGroup section */
		356E6D5A1E49B0B6007F76C9 = {
			isa = PBXGroup;
			children = (
				356E6D651E49B0B6007F76C9 /* Example */,
				356E6D8C1E49B17B007F76C9 /* Support Files */,
				356E6D7A1E49B0B6007F76C9 /* ExampleTests */,
				356E6D8B1E49B148007F76C9 /* Frameworks */,
				356E6D8A1E49B13E007F76C9 /* Productions */,
			);
			sourceTree = "<group>";
		};
		356E6D641E49B0B6007F76C9 /* Products */ = {
			isa = PBXGroup;
			children = (
				356E6D631E49B0B6007F76C9 /* Example.app */,
				356E6D771E49B0B6007F76C9 /* ExampleTests.xctest */,
			);
			name = Products;
			sourceTree = "<group>";
		};
		356E6D651E49B0B6007F76C9 /* Example */ = {
			isa = PBXGroup;
			children = (
				356E6D661E49B0B6007F76C9 /* AppDelegate.swift */,
				356E6D681E49B0B6007F76C9 /* ViewController.swift */,
			);
			path = Example;
			sourceTree = "<group>";
		};
		356E6D7A1E49B0B6007F76C9 /* ExampleTests */ = {
			isa = PBXGroup;
			children = (
				356E6D7B1E49B0B6007F76C9 /* ExampleTests.swift */,
				356E6D7D1E49B0B6007F76C9 /* Info.plist */,
			);
			path = ExampleTests;
			sourceTree = "<group>";
		};
		356E6D8A1E49B13E007F76C9 /* Productions */ = {
			isa = PBXGroup;
			children = (
				356E6D641E49B0B6007F76C9 /* Products */,
			);
			name = Productions;
			sourceTree = "<group>";
		};
		356E6D8B1E49B148007F76C9 /* Frameworks */ = {
			isa = PBXGroup;
			children = (
				356E6D861E49B12D007F76C9 /* ReaLog.framework */,
			);
			name = Frameworks;
			sourceTree = "<group>";
		};
		356E6D8C1E49B17B007F76C9 /* Support Files */ = {
			isa = PBXGroup;
			children = (
				356E6D6A1E49B0B6007F76C9 /* Main.storyboard */,
				356E6D6F1E49B0B6007F76C9 /* LaunchScreen.storyboard */,
				356E6D721E49B0B6007F76C9 /* Info.plist */,
				356E6D6D1E49B0B6007F76C9 /* Assets.xcassets */,
			);
			name = "Support Files";
			sourceTree = "<group>";
		};
/* End PBXGroup section */

/* Begin PBXNativeTarget section */
		356E6D621E49B0B6007F76C9 /* Example */ = {
			isa = PBXNativeTarget;
			buildConfigurationList = 356E6D801E49B0B6007F76C9 /* Build configuration list for PBXNativeTarget "Example" */;
			buildPhases = (
				356E6D5F1E49B0B6007F76C9 /* Sources */,
				356E6D601E49B0B6007F76C9 /* Frameworks */,
				356E6D611E49B0B6007F76C9 /* Resources */,
				356E6D891E49B12D007F76C9 /* Embed Frameworks */,
			);
			buildRules = (
			);
			dependencies = (
			);
			name = Example;
			productName = Example;
			productReference = 356E6D631E49B0B6007F76C9 /* Example.app */;
			productType = "com.apple.product-type.application";
		};
		356E6D761E49B0B6007F76C9 /* ExampleTests */ = {
			isa = PBXNativeTarget;
			buildConfigurationList = 356E6D831E49B0B6007F76C9 /* Build configuration list for PBXNativeTarget "ExampleTests" */;
			buildPhases = (
				356E6D731E49B0B6007F76C9 /* Sources */,
				356E6D741E49B0B6007F76C9 /* Frameworks */,
				356E6D751E49B0B6007F76C9 /* Resources */,
			);
			buildRules = (
			);
			dependencies = (
				356E6D791E49B0B6007F76C9 /* PBXTargetDependency */,
			);
			name = ExampleTests;
			productName = ExampleTests;
			productReference = 356E6D771E49B0B6007F76C9 /* ExampleTests.xctest */;
			productType = "com.apple.product-type.bundle.unit-test";
		};
/* End PBXNativeTarget section */

/* Begin PBXProject section */
		356E6D5B1E49B0B6007F76C9 /* Project object */ = {
			isa = PBXProject;
			attributes = {
				LastSwiftUpdateCheck = 0820;
				LastUpgradeCheck = 0820;
				ORGANIZATIONNAME = PointerFLY;
				TargetAttributes = {
					356E6D621E49B0B6007F76C9 = {
						CreatedOnToolsVersion = 8.2.1;
						DevelopmentTeam = GAMBUDTSDH;
						ProvisioningStyle = Automatic;
					};
					356E6D761E49B0B6007F76C9 = {
						CreatedOnToolsVersion = 8.2.1;
						DevelopmentTeam = GAMBUDTSDH;
						ProvisioningStyle = Automatic;
						TestTargetID = 356E6D621E49B0B6007F76C9;
					};
				};
			};
			buildConfigurationList = 356E6D5E1E49B0B6007F76C9 /* Build configuration list for PBXProject "Example" */;
			compatibilityVersion = "Xcode 3.2";
			developmentRegion = English;
			hasScannedForEncodings = 0;
			knownRegions = (
				en,
				Base,
			);
			mainGroup = 356E6D5A1E49B0B6007F76C9;
			productRefGroup = 356E6D641E49B0B6007F76C9 /* Products */;
			projectDirPath = "";
			projectRoot = "";
			targets = (
				356E6D621E49B0B6007F76C9 /* Example */,
				356E6D761E49B0B6007F76C9 /* ExampleTests */,
			);
		};
/* End PBXProject section */

/* Begin PBXResourcesBuildPhase section */
		356E6D611E49B0B6007F76C9 /* Resources */ = {
			isa = PBXResourcesBuildPhase;
			buildActionMask = 2147483647;
			files = (
				356E6D711E49B0B6007F76C9 /* LaunchScreen.storyboard in Resources */,
				356E6D6E1E49B0B6007F76C9 /* Assets.xcassets in Resources */,
				356E6D6C1E49B0B6007F76C9 /* Main.storyboard in Resources */,
			);
			runOnlyForDeploymentPostprocessing = 0;
		};
		356E6D751E49B0B6007F76C9 /* Resources */ = {
			isa = PBXResourcesBuildPhase;
			buildActionMask = 2147483647;
			files = (
			);
			runOnlyForDeploymentPostprocessing = 0;
		};
/* End PBXResourcesBuildPhase section */

/* Begin PBXSourcesBuildPhase section */
		356E6D5F1E49B0B6007F76C9 /* Sources */ = {
			isa = PBXSourcesBuildPhase;
			buildActionMask = 2147483647;
			files = (
				356E6D691E49B0B6007F76C9 /* ViewController.swift in Sources */,
				356E6D671E49B0B6007F76C9 /* AppDelegate.swift in Sources */,
			);
			runOnlyForDeploymentPostprocessing = 0;
		};
		356E6D731E49B0B6007F76C9 /* Sources */ = {
			isa = PBXSourcesBuildPhase;
			buildActionMask = 2147483647;
			files = (
				356E6D7C1E49B0B6007F76C9 /* ExampleTests.swift in Sources */,
			);
			runOnlyForDeploymentPostprocessing = 0;
		};
/* End PBXSourcesBuildPhase section */

/* Begin PBXTargetDependency section */
		356E6D791E49B0B6007F76C9 /* PBXTargetDependency */ = {
			isa = PBXTargetDependency;
			target = 356E6D621E49B0B6007F76C9 /* Example */;
			targetProxy = 356E6D781E49B0B6007F76C9 /* PBXContainerItemProxy */;
		};
/* End PBXTargetDependency section */

/* Begin PBXVariantGroup section */
		356E6D6A1E49B0B6007F76C9 /* Main.storyboard */ = {
			isa = PBXVariantGroup;
			children = (
				356E6D6B1E49B0B6007F76C9 /* Base */,
			);
			name = Main.storyboard;
			path = Example;
			sourceTree = "<group>";
		};
		356E6D6F1E49B0B6007F76C9 /* LaunchScreen.storyboard */ = {
			isa = PBXVariantGroup;
			children = (
				356E6D701E49B0B6007F76C9 /* Base */,
			);
			name = LaunchScreen.storyboard;
			path = Example;
			sourceTree = "<group>";
		};
/* End PBXVariantGroup section */

/* Begin XCBuildConfiguration section */
		356E6D7E1E49B0B6007F76C9 /* Debug */ = {
			isa = XCBuildConfiguration;
			buildSettings = {
				ALWAYS_SEARCH_USER_PATHS = NO;
				CLANG_ANALYZER_NONNULL = YES;
				CLANG_CXX_LANGUAGE_STANDARD = "gnu++0x";
				CLANG_CXX_LIBRARY = "libc++";
				CLANG_ENABLE_MODULES = YES;
				CLANG_ENABLE_OBJC_ARC = YES;
				CLANG_WARN_BOOL_CONVERSION = YES;
				CLANG_WARN_CONSTANT_CONVERSION = YES;
				CLANG_WARN_DIRECT_OBJC_ISA_USAGE = YES_ERROR;
				CLANG_WARN_DOCUMENTATION_COMMENTS = YES;
				CLANG_WARN_EMPTY_BODY = YES;
				CLANG_WARN_ENUM_CONVERSION = YES;
				CLANG_WARN_INFINITE_RECURSION = YES;
				CLANG_WARN_INT_CONVERSION = YES;
				CLANG_WARN_OBJC_ROOT_CLASS = YES_ERROR;
				CLANG_WARN_SUSPICIOUS_MOVE = YES;
				CLANG_WARN_UNREACHABLE_CODE = YES;
				CLANG_WARN__DUPLICATE_METHOD_MATCH = YES;
				"CODE_SIGN_IDENTITY[sdk=iphoneos*]" = "iPhone Developer";
				COPY_PHASE_STRIP = NO;
				DEBUG_INFORMATION_FORMAT = dwarf;
				ENABLE_STRICT_OBJC_MSGSEND = YES;
				ENABLE_TESTABILITY = YES;
				GCC_C_LANGUAGE_STANDARD = gnu99;
				GCC_DYNAMIC_NO_PIC = NO;
				GCC_NO_COMMON_BLOCKS = YES;
				GCC_OPTIMIZATION_LEVEL = 0;
				GCC_PREPROCESSOR_DEFINITIONS = (
					"DEBUG=1",
					"$(inherited)",
				);
				GCC_WARN_64_TO_32_BIT_CONVERSION = YES;
				GCC_WARN_ABOUT_RETURN_TYPE = YES_ERROR;
				GCC_WARN_UNDECLARED_SELECTOR = YES;
				GCC_WARN_UNINITIALIZED_AUTOS = YES_AGGRESSIVE;
				GCC_WARN_UNUSED_FUNCTION = YES;
				GCC_WARN_UNUSED_VARIABLE = YES;
				IPHONEOS_DEPLOYMENT_TARGET = 10.2;
				MTL_ENABLE_DEBUG_INFO = YES;
				ONLY_ACTIVE_ARCH = YES;
				SDKROOT = iphoneos;
				SWIFT_ACTIVE_COMPILATION_CONDITIONS = DEBUG;
				SWIFT_OPTIMIZATION_LEVEL = "-Onone";
				TARGETED_DEVICE_FAMILY = "1,2";
			};
			name = Debug;
		};
		356E6D7F1E49B0B6007F76C9 /* Release */ = {
			isa = XCBuildConfiguration;
			buildSettings = {
				ALWAYS_SEARCH_USER_PATHS = NO;
				CLANG_ANALYZER_NONNULL = YES;
				CLANG_CXX_LANGUAGE_STANDARD = "gnu++0x";
				CLANG_CXX_LIBRARY = "libc++";
				CLANG_ENABLE_MODULES = YES;
				CLANG_ENABLE_OBJC_ARC = YES;
				CLANG_WARN_BOOL_CONVERSION = YES;
				CLANG_WARN_CONSTANT_CONVERSION = YES;
				CLANG_WARN_DIRECT_OBJC_ISA_USAGE = YES_ERROR;
				CLANG_WARN_DOCUMENTATION_COMMENTS = YES;
				CLANG_WARN_EMPTY_BODY = YES;
				CLANG_WARN_ENUM_CONVERSION = YES;
				CLANG_WARN_INFINITE_RECURSION = YES;
				CLANG_WARN_INT_CONVERSION = YES;
				CLANG_WARN_OBJC_ROOT_CLASS = YES_ERROR;
				CLANG_WARN_SUSPICIOUS_MOVE = YES;
				CLANG_WARN_UNREACHABLE_CODE = YES;
				CLANG_WARN__DUPLICATE_METHOD_MATCH = YES;
				"CODE_SIGN_IDENTITY[sdk=iphoneos*]" = "iPhone Developer";
				COPY_PHASE_STRIP = NO;
				DEBUG_INFORMATION_FORMAT = "dwarf-with-dsym";
				ENABLE_NS_ASSERTIONS = NO;
				ENABLE_STRICT_OBJC_MSGSEND = YES;
				GCC_C_LANGUAGE_STANDARD = gnu99;
				GCC_NO_COMMON_BLOCKS = YES;
				GCC_WARN_64_TO_32_BIT_CONVERSION = YES;
				GCC_WARN_ABOUT_RETURN_TYPE = YES_ERROR;
				GCC_WARN_UNDECLARED_SELECTOR = YES;
				GCC_WARN_UNINITIALIZED_AUTOS = YES_AGGRESSIVE;
				GCC_WARN_UNUSED_FUNCTION = YES;
				GCC_WARN_UNUSED_VARIABLE = YES;
				IPHONEOS_DEPLOYMENT_TARGET = 10.2;
				MTL_ENABLE_DEBUG_INFO = NO;
				SDKROOT = iphoneos;
				SWIFT_OPTIMIZATION_LEVEL = "-Owholemodule";
				TARGETED_DEVICE_FAMILY = "1,2";
				VALIDATE_PRODUCT = YES;
			};
			name = Release;
		};
		356E6D811E49B0B6007F76C9 /* Debug */ = {
			isa = XCBuildConfiguration;
			buildSettings = {
				ASSETCATALOG_COMPILER_APPICON_NAME = AppIcon;
				DEVELOPMENT_TEAM = GAMBUDTSDH;
				FRAMEWORK_SEARCH_PATHS = (
					"$(inherited)",
					"$(PROJECT_DIR)",
				);
				INFOPLIST_FILE = Example/Info.plist;
				IPHONEOS_DEPLOYMENT_TARGET = 8.0;
				LD_RUNPATH_SEARCH_PATHS = "$(inherited) @executable_path/Frameworks";
				PRODUCT_BUNDLE_IDENTIFIER = com.pointerfly.Example;
				PRODUCT_NAME = "$(TARGET_NAME)";
				SWIFT_VERSION = 3.0;
			};
			name = Debug;
		};
		356E6D821E49B0B6007F76C9 /* Release */ = {
			isa = XCBuildConfiguration;
			buildSettings = {
				ASSETCATALOG_COMPILER_APPICON_NAME = AppIcon;
				DEVELOPMENT_TEAM = GAMBUDTSDH;
				FRAMEWORK_SEARCH_PATHS = (
					"$(inherited)",
					"$(PROJECT_DIR)",
				);
				INFOPLIST_FILE = Example/Info.plist;
				IPHONEOS_DEPLOYMENT_TARGET = 8.0;
				LD_RUNPATH_SEARCH_PATHS = "$(inherited) @executable_path/Frameworks";
				PRODUCT_BUNDLE_IDENTIFIER = com.pointerfly.Example;
				PRODUCT_NAME = "$(TARGET_NAME)";
				SWIFT_VERSION = 3.0;
			};
			name = Release;
		};
		356E6D841E49B0B6007F76C9 /* Debug */ = {
			isa = XCBuildConfiguration;
			buildSettings = {
				ALWAYS_EMBED_SWIFT_STANDARD_LIBRARIES = YES;
				BUNDLE_LOADER = "$(TEST_HOST)";
				DEVELOPMENT_TEAM = GAMBUDTSDH;
				INFOPLIST_FILE = ExampleTests/Info.plist;
				LD_RUNPATH_SEARCH_PATHS = "$(inherited) @executable_path/Frameworks @loader_path/Frameworks";
				PRODUCT_BUNDLE_IDENTIFIER = com.pointerfly.ExampleTests;
				PRODUCT_NAME = "$(TARGET_NAME)";
				SWIFT_VERSION = 3.0;
				TEST_HOST = "$(BUILT_PRODUCTS_DIR)/Example.app/Example";
			};
			name = Debug;
		};
		356E6D851E49B0B6007F76C9 /* Release */ = {
			isa = XCBuildConfiguration;
			buildSettings = {
				ALWAYS_EMBED_SWIFT_STANDARD_LIBRARIES = YES;
				BUNDLE_LOADER = "$(TEST_HOST)";
				DEVELOPMENT_TEAM = GAMBUDTSDH;
				INFOPLIST_FILE = ExampleTests/Info.plist;
				LD_RUNPATH_SEARCH_PATHS = "$(inherited) @executable_path/Frameworks @loader_path/Frameworks";
				PRODUCT_BUNDLE_IDENTIFIER = com.pointerfly.ExampleTests;
				PRODUCT_NAME = "$(TARGET_NAME)";
				SWIFT_VERSION = 3.0;
				TEST_HOST = "$(BUILT_PRODUCTS_DIR)/Example.app/Example";
			};
			name = Release;
		};
/* End XCBuildConfiguration section */

/* Begin XCConfigurationList section */
		356E6D5E1E49B0B6007F76C9 /* Build configuration list for PBXProject "Example" */ = {
			isa = XCConfigurationList;
			buildConfigurations = (
				356E6D7E1E49B0B6007F76C9 /* Debug */,
				356E6D7F1E49B0B6007F76C9 /* Release */,
			);
			defaultConfigurationIsVisible = 0;
			defaultConfigurationName = Release;
		};
		356E6D801E49B0B6007F76C9 /* Build configuration list for PBXNativeTarget "Example" */ = {
			isa = XCConfigurationList;
			buildConfigurations = (
				356E6D811E49B0B6007F76C9 /* Debug */,
				356E6D821E49B0B6007F76C9 /* Release */,
			);
			defaultConfigurationIsVisible = 0;
			defaultConfigurationName = Release;
		};
		356E6D831E49B0B6007F76C9 /* Build configuration list for PBXNativeTarget "ExampleTests" */ = {
			isa = XCConfigurationList;
			buildConfigurations = (
				356E6D841E49B0B6007F76C9 /* Debug */,
				356E6D851E49B0B6007F76C9 /* Release */,
			);
			defaultConfigurationIsVisible = 0;
			defaultConfigurationName = Release;
		};
/* End XCConfigurationList section */
	};
	rootObject = 356E6D5B1E49B0B6007F76C9 /* Project object */;
}
